{
  "name": "priyansh",
  "version": "1.0.1",
  "lockfileVersion": 3,
  "requires": true,
  "packages": {
    "": {
      "name": "priyansh",
      "version": "1.0.1",
      "license": "ISC",
      "dependencies": {
        "package": "^1.0.1",
        "priyansh": "^1.0.1"
      }
    },
    "node_modules/package": {
      "version": "1.0.1",
      "resolved": "https://registry.npmjs.org/package/-/package-1.0.1.tgz",
      "integrity": "sha512-g6xZR6CO7okjie83sIRJodgGvaXqymfE5GLhN8N2TmZGShmHc/V23hO/vWbdnuy3D81As3pfovw72gGi42l9qA==",
      "engines": {
        "node": ">= 0.6.0"
      }
    },
    "node_modules/priyansh": {
      "version": "1.0.1",
      "resolved": "https://registry.npmjs.org/priyansh/-/priyansh-1.0.1.tgz",
      "integrity": "sha512-dm5ujoBYJV+mLauKQXqkFy+VcypW1TJJG8vq9Fb0YcVCTXWatrCOUc3MQk8gK86fUJ1K0ZYcgQppvdVIHk4zfQ==",
      "license": "ISC",
      "dependencies": {
        "package": "^1.0.1"
      }
    }
  }
}
